
Microsoft Visual Studio Solution File, Format Version 10.00
# Visual Studio 2008
Project("{FAE04EC0-301F-11D3-BF4B-00C04F79EFBC}") = "Cadenza", "src\Cadenza\Cadenza.csproj", "{F656F792-2CDE-4E17-BB5F-6A6F1C266CB8}"
	ProjectSection(ProjectDependencies) = postProject
		{C783DAA9-89FB-4CBF-AA59-AC6EC61A0C22} = {C783DAA9-89FB-4CBF-AA59-AC6EC61A0C22}
		{06905AC7-3D4C-4F8F-8321-8B6FC227B990} = {06905AC7-3D4C-4F8F-8321-8B6FC227B990}
		{F5C4E1E8-7E56-4957-8D65-E5BF21EBE757} = {F5C4E1E8-7E56-4957-8D65-E5BF21EBE757}
		{7E42A1FF-7E63-4F80-A184-49A214C4A978} = {7E42A1FF-7E63-4F80-A184-49A214C4A978}
	EndProjectSection
EndProject
Project("{FAE04EC0-301F-11D3-BF4B-00C04F79EFBC}") = "Cadenza-Tests", "src\Cadenza\Test\Cadenza-Tests.csproj", "{37880451-3753-44B1-81DE-03C21E5D603B}"
EndProject
Project("{2150E333-8FDC-42A3-9474-1A3956D46DE8}") = "Tools", "Tools", "{B0006991-25C5-4A27-A4B0-0C048BF7784F}"
EndProject
Project("{FAE04EC0-301F-11D3-BF4B-00C04F79EFBC}") = "Eithers", "tools\Eithers.csproj", "{06905AC7-3D4C-4F8F-8321-8B6FC227B990}"
EndProject
Project("{FAE04EC0-301F-11D3-BF4B-00C04F79EFBC}") = "Lambdas", "tools\Lambdas.csproj", "{7E42A1FF-7E63-4F80-A184-49A214C4A978}"
EndProject
Project("{FAE04EC0-301F-11D3-BF4B-00C04F79EFBC}") = "Delegates", "tools\Delegates.csproj", "{f5c4e1e8-7e56-4957-8d65-e5bf21ebe757}"
EndProject
Project("{FAE04EC0-301F-11D3-BF4B-00C04F79EFBC}") = "Tuples", "tools\Tuples.csproj", "{c783daa9-89fb-4cbf-aa59-ac6ec61a0c22}"
EndProject
Project("{FAE04EC0-301F-11D3-BF4B-00C04F79EFBC}") = "Tools", "tools\Tools.csproj", "{F62009EE-45C5-4FBC-8E05-9198B6267086}"
EndProject
Project("{FAE04EC0-301F-11D3-BF4B-00C04F79EFBC}") = "doc", "doc\doc.csproj", "{9D66D3EB-C4CD-4964-95B1-33C7FAE14CAF}"
EndProject
Project("{FAE04EC0-301F-11D3-BF4B-00C04F79EFBC}") = "Cadenza.Core", "src\Cadenza.Core\Cadenza.Core.csproj", "{C84F2A75-81FD-42BA-8660-02A6CA773851}"
EndProject
Project("{FAE04EC0-301F-11D3-BF4B-00C04F79EFBC}") = "Cadenza.Core-Tests", "src\Cadenza.Core\Test\Cadenza.Core-Tests.csproj", "{4A583707-7446-4575-9252-8B4C34686030}"
EndProject
Global
	GlobalSection(SolutionConfigurationPlatforms) = preSolution
		Debug|Any CPU = Debug|Any CPU
		Default|Any CPU = Default|Any CPU
		Release|Any CPU = Release|Any CPU
	EndGlobalSection
	GlobalSection(ProjectConfigurationPlatforms) = postSolution
		{06905AC7-3D4C-4F8F-8321-8B6FC227B990}.Debug|Any CPU.ActiveCfg = Debug|Any CPU
		{06905AC7-3D4C-4F8F-8321-8B6FC227B990}.Debug|Any CPU.Build.0 = Debug|Any CPU
		{06905AC7-3D4C-4F8F-8321-8B6FC227B990}.Default|Any CPU.ActiveCfg = Debug|Any CPU
		{06905AC7-3D4C-4F8F-8321-8B6FC227B990}.Default|Any CPU.Build.0 = Debug|Any CPU
		{06905AC7-3D4C-4F8F-8321-8B6FC227B990}.Release|Any CPU.ActiveCfg = Release|Any CPU
		{06905AC7-3D4C-4F8F-8321-8B6FC227B990}.Release|Any CPU.Build.0 = Release|Any CPU
		{37880451-3753-44B1-81DE-03C21E5D603B}.Debug|Any CPU.ActiveCfg = Debug|Any CPU
		{37880451-3753-44B1-81DE-03C21E5D603B}.Debug|Any CPU.Build.0 = Debug|Any CPU
		{37880451-3753-44B1-81DE-03C21E5D603B}.Default|Any CPU.ActiveCfg = Debug|Any CPU
		{37880451-3753-44B1-81DE-03C21E5D603B}.Default|Any CPU.Build.0 = Debug|Any CPU
		{37880451-3753-44B1-81DE-03C21E5D603B}.Release|Any CPU.ActiveCfg = Release|Any CPU
		{37880451-3753-44B1-81DE-03C21E5D603B}.Release|Any CPU.Build.0 = Release|Any CPU
		{4A583707-7446-4575-9252-8B4C34686030}.Debug|Any CPU.ActiveCfg = Debug|Any CPU
		{4A583707-7446-4575-9252-8B4C34686030}.Debug|Any CPU.Build.0 = Debug|Any CPU
		{4A583707-7446-4575-9252-8B4C34686030}.Default|Any CPU.ActiveCfg = Debug|Any CPU
		{4A583707-7446-4575-9252-8B4C34686030}.Default|Any CPU.Build.0 = Debug|Any CPU
		{4A583707-7446-4575-9252-8B4C34686030}.Release|Any CPU.ActiveCfg = Release|Any CPU
		{4A583707-7446-4575-9252-8B4C34686030}.Release|Any CPU.Build.0 = Release|Any CPU
		{7E42A1FF-7E63-4F80-A184-49A214C4A978}.Debug|Any CPU.ActiveCfg = Debug|Any CPU
		{7E42A1FF-7E63-4F80-A184-49A214C4A978}.Debug|Any CPU.Build.0 = Debug|Any CPU
		{7E42A1FF-7E63-4F80-A184-49A214C4A978}.Default|Any CPU.ActiveCfg = Debug|Any CPU
		{7E42A1FF-7E63-4F80-A184-49A214C4A978}.Default|Any CPU.Build.0 = Debug|Any CPU
		{7E42A1FF-7E63-4F80-A184-49A214C4A978}.Release|Any CPU.ActiveCfg = Release|Any CPU
		{7E42A1FF-7E63-4F80-A184-49A214C4A978}.Release|Any CPU.Build.0 = Release|Any CPU
		{9D66D3EB-C4CD-4964-95B1-33C7FAE14CAF}.Debug|Any CPU.ActiveCfg = Debug|Any CPU
		{9D66D3EB-C4CD-4964-95B1-33C7FAE14CAF}.Default|Any CPU.ActiveCfg = Debug|Any CPU
		{9D66D3EB-C4CD-4964-95B1-33C7FAE14CAF}.Release|Any CPU.ActiveCfg = Release|Any CPU
		{c783daa9-89fb-4cbf-aa59-ac6ec61a0c22}.Debug|Any CPU.ActiveCfg = Debug|Any CPU
		{c783daa9-89fb-4cbf-aa59-ac6ec61a0c22}.Debug|Any CPU.Build.0 = Debug|Any CPU
		{c783daa9-89fb-4cbf-aa59-ac6ec61a0c22}.Default|Any CPU.ActiveCfg = Debug|Any CPU
		{c783daa9-89fb-4cbf-aa59-ac6ec61a0c22}.Default|Any CPU.Build.0 = Debug|Any CPU
		{c783daa9-89fb-4cbf-aa59-ac6ec61a0c22}.Release|Any CPU.ActiveCfg = Release|Any CPU
		{c783daa9-89fb-4cbf-aa59-ac6ec61a0c22}.Release|Any CPU.Build.0 = Release|Any CPU
		{C84F2A75-81FD-42BA-8660-02A6CA773851}.Debug|Any CPU.ActiveCfg = Debug|Any CPU
		{C84F2A75-81FD-42BA-8660-02A6CA773851}.Debug|Any CPU.Build.0 = Debug|Any CPU
		{C84F2A75-81FD-42BA-8660-02A6CA773851}.Default|Any CPU.ActiveCfg = Debug|Any CPU
		{C84F2A75-81FD-42BA-8660-02A6CA773851}.Default|Any CPU.Build.0 = Debug|Any CPU
		{C84F2A75-81FD-42BA-8660-02A6CA773851}.Release|Any CPU.ActiveCfg = Release|Any CPU
		{C84F2A75-81FD-42BA-8660-02A6CA773851}.Release|Any CPU.Build.0 = Release|Any CPU
		{f5c4e1e8-7e56-4957-8d65-e5bf21ebe757}.Debug|Any CPU.ActiveCfg = Debug|Any CPU
		{f5c4e1e8-7e56-4957-8d65-e5bf21ebe757}.Debug|Any CPU.Build.0 = Debug|Any CPU
		{f5c4e1e8-7e56-4957-8d65-e5bf21ebe757}.Default|Any CPU.ActiveCfg = Debug|Any CPU
		{f5c4e1e8-7e56-4957-8d65-e5bf21ebe757}.Default|Any CPU.Build.0 = Debug|Any CPU
		{f5c4e1e8-7e56-4957-8d65-e5bf21ebe757}.Release|Any CPU.ActiveCfg = Release|Any CPU
		{f5c4e1e8-7e56-4957-8d65-e5bf21ebe757}.Release|Any CPU.Build.0 = Release|Any CPU
		{F62009EE-45C5-4FBC-8E05-9198B6267086}.Debug|Any CPU.ActiveCfg = Debug|Any CPU
		{F62009EE-45C5-4FBC-8E05-9198B6267086}.Debug|Any CPU.Build.0 = Debug|Any CPU
		{F62009EE-45C5-4FBC-8E05-9198B6267086}.Default|Any CPU.ActiveCfg = Debug|Any CPU
		{F62009EE-45C5-4FBC-8E05-9198B6267086}.Default|Any CPU.Build.0 = Debug|Any CPU
		{F62009EE-45C5-4FBC-8E05-9198B6267086}.Release|Any CPU.ActiveCfg = Release|Any CPU
		{F62009EE-45C5-4FBC-8E05-9198B6267086}.Release|Any CPU.Build.0 = Release|Any CPU
		{F656F792-2CDE-4E17-BB5F-6A6F1C266CB8}.Debug|Any CPU.ActiveCfg = Debug|Any CPU
		{F656F792-2CDE-4E17-BB5F-6A6F1C266CB8}.Debug|Any CPU.Build.0 = Debug|Any CPU
		{F656F792-2CDE-4E17-BB5F-6A6F1C266CB8}.Default|Any CPU.ActiveCfg = Debug|Any CPU
		{F656F792-2CDE-4E17-BB5F-6A6F1C266CB8}.Default|Any CPU.Build.0 = Debug|Any CPU
		{F656F792-2CDE-4E17-BB5F-6A6F1C266CB8}.Release|Any CPU.ActiveCfg = Release|Any CPU
		{F656F792-2CDE-4E17-BB5F-6A6F1C266CB8}.Release|Any CPU.Build.0 = Release|Any CPU
	EndGlobalSection
	GlobalSection(NestedProjects) = preSolution
		{06905AC7-3D4C-4F8F-8321-8B6FC227B990} = {B0006991-25C5-4A27-A4B0-0C048BF7784F}
		{7E42A1FF-7E63-4F80-A184-49A214C4A978} = {B0006991-25C5-4A27-A4B0-0C048BF7784F}
		{f5c4e1e8-7e56-4957-8d65-e5bf21ebe757} = {B0006991-25C5-4A27-A4B0-0C048BF7784F}
		{c783daa9-89fb-4cbf-aa59-ac6ec61a0c22} = {B0006991-25C5-4A27-A4B0-0C048BF7784F}
		{F62009EE-45C5-4FBC-8E05-9198B6267086} = {B0006991-25C5-4A27-A4B0-0C048BF7784F}
	EndGlobalSection
	GlobalSection(MonoDevelopProperties) = preSolution
		StartupItem = src\Cadenza\Cadenza.csproj
		Policies = $0
		$0.TextStylePolicy = $1
		$1.FileWidth = 120
		$1.TabWidth = 2
		$1.NoTabsAfterNonTabs = True
		$1.RemoveTrailingWhitespace = True
		$1.inheritsSet = Mono
		$1.inheritsScope = text/plain
		$1.scope = text/x-csharp
		$0.CSharpFormattingPolicy = $2
		$2.inheritsSet = Mono
		$2.inheritsScope = text/x-csharp
		$2.scope = text/x-csharp
		$0.TextStylePolicy = $3
		$3.FileWidth = 120
		$3.inheritsSet = Mono
		$3.inheritsScope = text/plain
		$3.scope = text/plain
		name = Mono.Rocks
	EndGlobalSection
	GlobalSection(SolutionProperties) = preSolution
		HideSolutionNode = FALSE
	EndGlobalSection
EndGlobal
