
Microsoft Visual Studio Solution File, Format Version 10.00
# Visual Studio 2008
Project("{FAE04EC0-301F-11D3-BF4B-00C04F79EFBC}") = "Cdh.Toolkit.Collections", "Cdh.Toolkit.Collections\Cdh.Toolkit.Collections.csproj", "{A2E1EDA8-78B8-4717-8B75-0D1A2AC47F15}"
EndProject
Project("{FAE04EC0-301F-11D3-BF4B-00C04F79EFBC}") = "Cdh.Toolkit.Tests", "Cdh.Toolkit.Tests\Cdh.Toolkit.Tests.csproj", "{1E02E9A5-46A9-4C3E-99C5-B2C917B9A3D8}"
EndProject
Project("{FAE04EC0-301F-11D3-BF4B-00C04F79EFBC}") = "Cdh.Toolkit.Extensions", "Cdh.Toolkit.Extensions\Cdh.Toolkit.Extensions.csproj", "{1F804DDB-FFB0-4D57-B5DD-03389FAC1836}"
EndProject
Project("{FAE04EC0-301F-11D3-BF4B-00C04F79EFBC}") = "Cdh.Toolkit.Json", "Cdh.Toolkit.Json\Cdh.Toolkit.Json.csproj", "{5F252D4A-2B47-44E7-A8D9-1D0FC21374EA}"
EndProject
Global
	GlobalSection(SolutionConfigurationPlatforms) = preSolution
		Debug|Any CPU = Debug|Any CPU
		Release|Any CPU = Release|Any CPU
	EndGlobalSection
	GlobalSection(ProjectConfigurationPlatforms) = postSolution
		{A2E1EDA8-78B8-4717-8B75-0D1A2AC47F15}.Debug|Any CPU.ActiveCfg = Debug|Any CPU
		{A2E1EDA8-78B8-4717-8B75-0D1A2AC47F15}.Debug|Any CPU.Build.0 = Debug|Any CPU
		{A2E1EDA8-78B8-4717-8B75-0D1A2AC47F15}.Release|Any CPU.ActiveCfg = Release|Any CPU
		{A2E1EDA8-78B8-4717-8B75-0D1A2AC47F15}.Release|Any CPU.Build.0 = Release|Any CPU
		{1E02E9A5-46A9-4C3E-99C5-B2C917B9A3D8}.Debug|Any CPU.ActiveCfg = Debug|Any CPU
		{1E02E9A5-46A9-4C3E-99C5-B2C917B9A3D8}.Debug|Any CPU.Build.0 = Debug|Any CPU
		{1E02E9A5-46A9-4C3E-99C5-B2C917B9A3D8}.Release|Any CPU.ActiveCfg = Release|Any CPU
		{1E02E9A5-46A9-4C3E-99C5-B2C917B9A3D8}.Release|Any CPU.Build.0 = Release|Any CPU
		{1F804DDB-FFB0-4D57-B5DD-03389FAC1836}.Debug|Any CPU.ActiveCfg = Debug|Any CPU
		{1F804DDB-FFB0-4D57-B5DD-03389FAC1836}.Debug|Any CPU.Build.0 = Debug|Any CPU
		{1F804DDB-FFB0-4D57-B5DD-03389FAC1836}.Release|Any CPU.ActiveCfg = Release|Any CPU
		{1F804DDB-FFB0-4D57-B5DD-03389FAC1836}.Release|Any CPU.Build.0 = Release|Any CPU
		{5F252D4A-2B47-44E7-A8D9-1D0FC21374EA}.Debug|Any CPU.ActiveCfg = Debug|Any CPU
		{5F252D4A-2B47-44E7-A8D9-1D0FC21374EA}.Debug|Any CPU.Build.0 = Debug|Any CPU
		{5F252D4A-2B47-44E7-A8D9-1D0FC21374EA}.Release|Any CPU.ActiveCfg = Release|Any CPU
		{5F252D4A-2B47-44E7-A8D9-1D0FC21374EA}.Release|Any CPU.Build.0 = Release|Any CPU
	EndGlobalSection
	GlobalSection(SolutionProperties) = preSolution
		HideSolutionNode = FALSE
	EndGlobalSection
EndGlobal
