
Microsoft Visual Studio Solution File, Format Version 10.00
# Visual Studio 2008
Project("{FAE04EC0-301F-11D3-BF4B-00C04F79EFBC}") = "Mono.Rocks", "Mono.Rocks.csproj", "{F656F792-2CDE-4E17-BB5F-6A6F1C266CB8}"
EndProject
Project("{FAE04EC0-301F-11D3-BF4B-00C04F79EFBC}") = "Mono.Rocks.Tests", "Tests\Mono.Rocks.Tests.csproj", "{37880451-3753-44B1-81DE-03C21E5D603B}"
EndProject
Project("{9344bdbb-3e7f-41fc-a0dd-8665d75ee146}") = "doc", "doc\doc.mdproj", "{255BEC25-C4C0-4288-A99E-0EAA266D0AD6}"
EndProject
Global
	GlobalSection(SolutionConfigurationPlatforms) = preSolution
		Debug|Any CPU = Debug|Any CPU
		Release|Any CPU = Release|Any CPU
		Default|Any CPU = Default|Any CPU
	EndGlobalSection
	GlobalSection(ProjectConfigurationPlatforms) = postSolution
		{255BEC25-C4C0-4288-A99E-0EAA266D0AD6}.Debug|Any CPU.ActiveCfg = Debug|Any CPU
		{255BEC25-C4C0-4288-A99E-0EAA266D0AD6}.Debug|Any CPU.Build.0 = Debug|Any CPU
		{255BEC25-C4C0-4288-A99E-0EAA266D0AD6}.Default|Any CPU.ActiveCfg = Default|Any CPU
		{255BEC25-C4C0-4288-A99E-0EAA266D0AD6}.Default|Any CPU.Build.0 = Default|Any CPU
		{255BEC25-C4C0-4288-A99E-0EAA266D0AD6}.Release|Any CPU.ActiveCfg = Release|Any CPU
		{255BEC25-C4C0-4288-A99E-0EAA266D0AD6}.Release|Any CPU.Build.0 = Release|Any CPU
		{37880451-3753-44B1-81DE-03C21E5D603B}.Debug|Any CPU.ActiveCfg = Debug|Any CPU
		{37880451-3753-44B1-81DE-03C21E5D603B}.Debug|Any CPU.Build.0 = Debug|Any CPU
		{37880451-3753-44B1-81DE-03C21E5D603B}.Release|Any CPU.ActiveCfg = Release|Any CPU
		{37880451-3753-44B1-81DE-03C21E5D603B}.Release|Any CPU.Build.0 = Release|Any CPU
		{F656F792-2CDE-4E17-BB5F-6A6F1C266CB8}.Debug|Any CPU.ActiveCfg = Debug|Any CPU
		{F656F792-2CDE-4E17-BB5F-6A6F1C266CB8}.Debug|Any CPU.Build.0 = Debug|Any CPU
		{F656F792-2CDE-4E17-BB5F-6A6F1C266CB8}.Release|Any CPU.ActiveCfg = Release|Any CPU
		{F656F792-2CDE-4E17-BB5F-6A6F1C266CB8}.Release|Any CPU.Build.0 = Release|Any CPU
	EndGlobalSection
	GlobalSection(MonoDevelopProperties) = preSolution
		StartupItem = Mono.Rocks.csproj
		Policies = $0
		$0.TextStylePolicy = $1
		$1.FileWidth = 120
		$1.TabWidth = 2
		$1.NoTabsAfterNonTabs = True
		$1.RemoveTrailingWhitespace = True
		$1.inheritsSet = Mono
		$1.inheritsScope = text/plain
		$1.scope = text/x-csharp
		$0.CSharpFormattingPolicy = $2
		$2.inheritsSet = Mono
		$2.inheritsScope = text/x-csharp
		$2.scope = text/x-csharp
		$0.TextStylePolicy = $3
		$3.FileWidth = 120
		$3.inheritsSet = Mono
		$3.inheritsScope = text/plain
		$3.scope = text/plain
		name = Mono.Rocks
	EndGlobalSection
	GlobalSection(SolutionProperties) = preSolution
		HideSolutionNode = FALSE
	EndGlobalSection
EndGlobal
